
Microsoft Visual Studio Solution File, Format Version 12.00
# Visual Studio 15
VisualStudioVersion = 15.0.26430.15
MinimumVisualStudioVersion = 10.0.40219.1
Project("{FAE04EC0-301F-11D3-BF4B-00C04F79EFBC}") = "grozderakiq", "grozderakiq\grozderakiq.csproj", "{55A80C0F-1338-4E35-85B4-C51E5B2221EF}"
EndProject
Global
	GlobalSection(SolutionConfigurationPlatforms) = preSolution
		Debug|Any CPU = Debug|Any CPU
		Release|Any CPU = Release|Any CPU
	EndGlobalSection
	GlobalSection(ProjectConfigurationPlatforms) = postSolution
		{55A80C0F-1338-4E35-85B4-C51E5B2221EF}.Debug|Any CPU.ActiveCfg = Debug|Any CPU
		{55A80C0F-1338-4E35-85B4-C51E5B2221EF}.Debug|Any CPU.Build.0 = Debug|Any CPU
		{55A80C0F-1338-4E35-85B4-C51E5B2221EF}.Release|Any CPU.ActiveCfg = Release|Any CPU
		{55A80C0F-1338-4E35-85B4-C51E5B2221EF}.Release|Any CPU.Build.0 = Release|Any CPU
	EndGlobalSection
	GlobalSection(SolutionProperties) = preSolution
		HideSolutionNode = FALSE
	EndGlobalSection
EndGlobal
