
Microsoft Visual Studio Solution File, Format Version 12.00
# Visual Studio 15
VisualStudioVersion = 15.0.26430.15
MinimumVisualStudioVersion = 10.0.40219.1
Project("{FAE04EC0-301F-11D3-BF4B-00C04F79EFBC}") = "ConsoleApp45", "ConsoleApp45\ConsoleApp45.csproj", "{D2BEC929-0A81-446D-92EF-58A5F28C1190}"
EndProject
Global
	GlobalSection(SolutionConfigurationPlatforms) = preSolution
		Debug|Any CPU = Debug|Any CPU
		Release|Any CPU = Release|Any CPU
	EndGlobalSection
	GlobalSection(ProjectConfigurationPlatforms) = postSolution
		{D2BEC929-0A81-446D-92EF-58A5F28C1190}.Debug|Any CPU.ActiveCfg = Debug|Any CPU
		{D2BEC929-0A81-446D-92EF-58A5F28C1190}.Debug|Any CPU.Build.0 = Debug|Any CPU
		{D2BEC929-0A81-446D-92EF-58A5F28C1190}.Release|Any CPU.ActiveCfg = Release|Any CPU
		{D2BEC929-0A81-446D-92EF-58A5F28C1190}.Release|Any CPU.Build.0 = Release|Any CPU
	EndGlobalSection
	GlobalSection(SolutionProperties) = preSolution
		HideSolutionNode = FALSE
	EndGlobalSection
EndGlobal
