
Microsoft Visual Studio Solution File, Format Version 12.00
# Visual Studio 15
VisualStudioVersion = 15.0.27130.2027
MinimumVisualStudioVersion = 10.0.40219.1
Project("{FAE04EC0-301F-11D3-BF4B-00C04F79EFBC}") = "Employee", "Employee\Employee.csproj", "{B2AC6F90-6930-4CD3-A2F4-A2DB36070F2A}"
EndProject
Global
	GlobalSection(SolutionConfigurationPlatforms) = preSolution
		Debug|Any CPU = Debug|Any CPU
		Release|Any CPU = Release|Any CPU
	EndGlobalSection
	GlobalSection(ProjectConfigurationPlatforms) = postSolution
		{B2AC6F90-6930-4CD3-A2F4-A2DB36070F2A}.Debug|Any CPU.ActiveCfg = Debug|Any CPU
		{B2AC6F90-6930-4CD3-A2F4-A2DB36070F2A}.Debug|Any CPU.Build.0 = Debug|Any CPU
		{B2AC6F90-6930-4CD3-A2F4-A2DB36070F2A}.Release|Any CPU.ActiveCfg = Release|Any CPU
		{B2AC6F90-6930-4CD3-A2F4-A2DB36070F2A}.Release|Any CPU.Build.0 = Release|Any CPU
	EndGlobalSection
	GlobalSection(SolutionProperties) = preSolution
		HideSolutionNode = FALSE
	EndGlobalSection
	GlobalSection(ExtensibilityGlobals) = postSolution
		SolutionGuid = {C952A0CB-3A19-4871-B738-8510759FDF4C}
	EndGlobalSection
EndGlobal
