
Microsoft Visual Studio Solution File, Format Version 12.00
# Visual Studio 15
VisualStudioVersion = 15.0.27130.2027
MinimumVisualStudioVersion = 10.0.40219.1
Project("{FAE04EC0-301F-11D3-BF4B-00C04F79EFBC}") = "Population Counter", "Population Counter\Population Counter.csproj", "{9CB907C3-6CC9-4155-8B50-7737F74FC7CF}"
EndProject
Global
	GlobalSection(SolutionConfigurationPlatforms) = preSolution
		Debug|Any CPU = Debug|Any CPU
		Release|Any CPU = Release|Any CPU
	EndGlobalSection
	GlobalSection(ProjectConfigurationPlatforms) = postSolution
		{9CB907C3-6CC9-4155-8B50-7737F74FC7CF}.Debug|Any CPU.ActiveCfg = Debug|Any CPU
		{9CB907C3-6CC9-4155-8B50-7737F74FC7CF}.Debug|Any CPU.Build.0 = Debug|Any CPU
		{9CB907C3-6CC9-4155-8B50-7737F74FC7CF}.Release|Any CPU.ActiveCfg = Release|Any CPU
		{9CB907C3-6CC9-4155-8B50-7737F74FC7CF}.Release|Any CPU.Build.0 = Release|Any CPU
	EndGlobalSection
	GlobalSection(SolutionProperties) = preSolution
		HideSolutionNode = FALSE
	EndGlobalSection
	GlobalSection(ExtensibilityGlobals) = postSolution
		SolutionGuid = {2563BF3C-2468-4E4C-B890-C650D908D6F5}
	EndGlobalSection
EndGlobal
