
Microsoft Visual Studio Solution File, Format Version 12.00
# Visual Studio 15
VisualStudioVersion = 15.0.27130.2027
MinimumVisualStudioVersion = 10.0.40219.1
Project("{FAE04EC0-301F-11D3-BF4B-00C04F79EFBC}") = "MaxSequnceofEqual", "MaxSequnceofEqual\MaxSequnceofEqual.csproj", "{A0F1B51B-BE6C-4D17-824E-D35D92B6FE94}"
EndProject
Global
	GlobalSection(SolutionConfigurationPlatforms) = preSolution
		Debug|Any CPU = Debug|Any CPU
		Release|Any CPU = Release|Any CPU
	EndGlobalSection
	GlobalSection(ProjectConfigurationPlatforms) = postSolution
		{A0F1B51B-BE6C-4D17-824E-D35D92B6FE94}.Debug|Any CPU.ActiveCfg = Debug|Any CPU
		{A0F1B51B-BE6C-4D17-824E-D35D92B6FE94}.Debug|Any CPU.Build.0 = Debug|Any CPU
		{A0F1B51B-BE6C-4D17-824E-D35D92B6FE94}.Release|Any CPU.ActiveCfg = Release|Any CPU
		{A0F1B51B-BE6C-4D17-824E-D35D92B6FE94}.Release|Any CPU.Build.0 = Release|Any CPU
	EndGlobalSection
	GlobalSection(SolutionProperties) = preSolution
		HideSolutionNode = FALSE
	EndGlobalSection
	GlobalSection(ExtensibilityGlobals) = postSolution
		SolutionGuid = {BD9FF877-DBB8-4FF5-A063-E9F18DDF8579}
	EndGlobalSection
EndGlobal
