
Microsoft Visual Studio Solution File, Format Version 12.00
# Visual Studio 15
VisualStudioVersion = 15.0.27130.2027
MinimumVisualStudioVersion = 10.0.40219.1
Project("{FAE04EC0-301F-11D3-BF4B-00C04F79EFBC}") = "ChangeList", "ChangeList\ChangeList.csproj", "{47842A5C-638F-4387-9C83-28F3F6CB1D76}"
EndProject
Global
	GlobalSection(SolutionConfigurationPlatforms) = preSolution
		Debug|Any CPU = Debug|Any CPU
		Release|Any CPU = Release|Any CPU
	EndGlobalSection
	GlobalSection(ProjectConfigurationPlatforms) = postSolution
		{47842A5C-638F-4387-9C83-28F3F6CB1D76}.Debug|Any CPU.ActiveCfg = Debug|Any CPU
		{47842A5C-638F-4387-9C83-28F3F6CB1D76}.Debug|Any CPU.Build.0 = Debug|Any CPU
		{47842A5C-638F-4387-9C83-28F3F6CB1D76}.Release|Any CPU.ActiveCfg = Release|Any CPU
		{47842A5C-638F-4387-9C83-28F3F6CB1D76}.Release|Any CPU.Build.0 = Release|Any CPU
	EndGlobalSection
	GlobalSection(SolutionProperties) = preSolution
		HideSolutionNode = FALSE
	EndGlobalSection
	GlobalSection(ExtensibilityGlobals) = postSolution
		SolutionGuid = {F12BDD32-1EF4-4319-BB08-FB734BCB943F}
	EndGlobalSection
EndGlobal
