
Microsoft Visual Studio Solution File, Format Version 12.00
# Visual Studio 15
VisualStudioVersion = 15.0.27130.2027
MinimumVisualStudioVersion = 10.0.40219.1
Project("{FAE04EC0-301F-11D3-BF4B-00C04F79EFBC}") = "Kamino Factory2", "Kamino Factory2\Kamino Factory2.csproj", "{78166CA4-186A-4029-B681-CE04AB82D3BD}"
EndProject
Global
	GlobalSection(SolutionConfigurationPlatforms) = preSolution
		Debug|Any CPU = Debug|Any CPU
		Release|Any CPU = Release|Any CPU
	EndGlobalSection
	GlobalSection(ProjectConfigurationPlatforms) = postSolution
		{78166CA4-186A-4029-B681-CE04AB82D3BD}.Debug|Any CPU.ActiveCfg = Debug|Any CPU
		{78166CA4-186A-4029-B681-CE04AB82D3BD}.Debug|Any CPU.Build.0 = Debug|Any CPU
		{78166CA4-186A-4029-B681-CE04AB82D3BD}.Release|Any CPU.ActiveCfg = Release|Any CPU
		{78166CA4-186A-4029-B681-CE04AB82D3BD}.Release|Any CPU.Build.0 = Release|Any CPU
	EndGlobalSection
	GlobalSection(SolutionProperties) = preSolution
		HideSolutionNode = FALSE
	EndGlobalSection
	GlobalSection(ExtensibilityGlobals) = postSolution
		SolutionGuid = {3D5E186B-1D25-46D4-A60D-DE2460C83A16}
	EndGlobalSection
EndGlobal
