
Microsoft Visual Studio Solution File, Format Version 12.00
# Visual Studio 15
VisualStudioVersion = 15.0.27130.2027
MinimumVisualStudioVersion = 10.0.40219.1
Project("{FAE04EC0-301F-11D3-BF4B-00C04F79EFBC}") = "SalesReport", "SalesReport\SalesReport.csproj", "{D95E9710-4F1C-44CC-AE11-A92F9A84C932}"
EndProject
Global
	GlobalSection(SolutionConfigurationPlatforms) = preSolution
		Debug|Any CPU = Debug|Any CPU
		Release|Any CPU = Release|Any CPU
	EndGlobalSection
	GlobalSection(ProjectConfigurationPlatforms) = postSolution
		{D95E9710-4F1C-44CC-AE11-A92F9A84C932}.Debug|Any CPU.ActiveCfg = Debug|Any CPU
		{D95E9710-4F1C-44CC-AE11-A92F9A84C932}.Debug|Any CPU.Build.0 = Debug|Any CPU
		{D95E9710-4F1C-44CC-AE11-A92F9A84C932}.Release|Any CPU.ActiveCfg = Release|Any CPU
		{D95E9710-4F1C-44CC-AE11-A92F9A84C932}.Release|Any CPU.Build.0 = Release|Any CPU
	EndGlobalSection
	GlobalSection(SolutionProperties) = preSolution
		HideSolutionNode = FALSE
	EndGlobalSection
	GlobalSection(ExtensibilityGlobals) = postSolution
		SolutionGuid = {935D3749-13F3-48CB-8BB6-362A59EDE767}
	EndGlobalSection
EndGlobal
