
Microsoft Visual Studio Solution File, Format Version 12.00
# Visual Studio 15
VisualStudioVersion = 15.0.27130.2027
MinimumVisualStudioVersion = 10.0.40219.1
Project("{FAE04EC0-301F-11D3-BF4B-00C04F79EFBC}") = "BookLibrary1", "BookLibrary1\BookLibrary1.csproj", "{102C62E8-40D4-49B3-9B78-9ACBD5C7062F}"
EndProject
Global
	GlobalSection(SolutionConfigurationPlatforms) = preSolution
		Debug|Any CPU = Debug|Any CPU
		Release|Any CPU = Release|Any CPU
	EndGlobalSection
	GlobalSection(ProjectConfigurationPlatforms) = postSolution
		{102C62E8-40D4-49B3-9B78-9ACBD5C7062F}.Debug|Any CPU.ActiveCfg = Debug|Any CPU
		{102C62E8-40D4-49B3-9B78-9ACBD5C7062F}.Debug|Any CPU.Build.0 = Debug|Any CPU
		{102C62E8-40D4-49B3-9B78-9ACBD5C7062F}.Release|Any CPU.ActiveCfg = Release|Any CPU
		{102C62E8-40D4-49B3-9B78-9ACBD5C7062F}.Release|Any CPU.Build.0 = Release|Any CPU
	EndGlobalSection
	GlobalSection(SolutionProperties) = preSolution
		HideSolutionNode = FALSE
	EndGlobalSection
	GlobalSection(ExtensibilityGlobals) = postSolution
		SolutionGuid = {79A93A46-FD78-4155-AA94-D0CE6F738A95}
	EndGlobalSection
EndGlobal
