
Microsoft Visual Studio Solution File, Format Version 12.00
# Visual Studio 15
VisualStudioVersion = 15.0.27130.2027
MinimumVisualStudioVersion = 10.0.40219.1
Project("{FAE04EC0-301F-11D3-BF4B-00C04F79EFBC}") = "MentrorGroup", "MentrorGroup\MentrorGroup.csproj", "{24058272-FB0A-451B-B4DA-4D365A6C3827}"
EndProject
Global
	GlobalSection(SolutionConfigurationPlatforms) = preSolution
		Debug|Any CPU = Debug|Any CPU
		Release|Any CPU = Release|Any CPU
	EndGlobalSection
	GlobalSection(ProjectConfigurationPlatforms) = postSolution
		{24058272-FB0A-451B-B4DA-4D365A6C3827}.Debug|Any CPU.ActiveCfg = Debug|Any CPU
		{24058272-FB0A-451B-B4DA-4D365A6C3827}.Debug|Any CPU.Build.0 = Debug|Any CPU
		{24058272-FB0A-451B-B4DA-4D365A6C3827}.Release|Any CPU.ActiveCfg = Release|Any CPU
		{24058272-FB0A-451B-B4DA-4D365A6C3827}.Release|Any CPU.Build.0 = Release|Any CPU
	EndGlobalSection
	GlobalSection(SolutionProperties) = preSolution
		HideSolutionNode = FALSE
	EndGlobalSection
	GlobalSection(ExtensibilityGlobals) = postSolution
		SolutionGuid = {651348F0-04E2-482F-A3B9-C6B28A27658E}
	EndGlobalSection
EndGlobal
