
Microsoft Visual Studio Solution File, Format Version 12.00
# Visual Studio 15
VisualStudioVersion = 15.0.27130.2027
MinimumVisualStudioVersion = 10.0.40219.1
Project("{FAE04EC0-301F-11D3-BF4B-00C04F79EFBC}") = "FigureAreas", "FigureAreas\FigureAreas.csproj", "{338293B1-F07D-4626-AB0B-2D56E55A9080}"
EndProject
Global
	GlobalSection(SolutionConfigurationPlatforms) = preSolution
		Debug|Any CPU = Debug|Any CPU
		Release|Any CPU = Release|Any CPU
	EndGlobalSection
	GlobalSection(ProjectConfigurationPlatforms) = postSolution
		{338293B1-F07D-4626-AB0B-2D56E55A9080}.Debug|Any CPU.ActiveCfg = Debug|Any CPU
		{338293B1-F07D-4626-AB0B-2D56E55A9080}.Debug|Any CPU.Build.0 = Debug|Any CPU
		{338293B1-F07D-4626-AB0B-2D56E55A9080}.Release|Any CPU.ActiveCfg = Release|Any CPU
		{338293B1-F07D-4626-AB0B-2D56E55A9080}.Release|Any CPU.Build.0 = Release|Any CPU
	EndGlobalSection
	GlobalSection(SolutionProperties) = preSolution
		HideSolutionNode = FALSE
	EndGlobalSection
	GlobalSection(ExtensibilityGlobals) = postSolution
		SolutionGuid = {82C23843-1FE2-472A-94CA-A8F2D625A226}
	EndGlobalSection
EndGlobal
