
Microsoft Visual Studio Solution File, Format Version 12.00
# Visual Studio 15
VisualStudioVersion = 15.0.27130.2027
MinimumVisualStudioVersion = 10.0.40219.1
Project("{FAE04EC0-301F-11D3-BF4B-00C04F79EFBC}") = "CondenseArrayToNumber", "CondenseArrayToNumber\CondenseArrayToNumber.csproj", "{B6F72DC1-E215-4617-94B5-17877A41D8ED}"
EndProject
Global
	GlobalSection(SolutionConfigurationPlatforms) = preSolution
		Debug|Any CPU = Debug|Any CPU
		Release|Any CPU = Release|Any CPU
	EndGlobalSection
	GlobalSection(ProjectConfigurationPlatforms) = postSolution
		{B6F72DC1-E215-4617-94B5-17877A41D8ED}.Debug|Any CPU.ActiveCfg = Debug|Any CPU
		{B6F72DC1-E215-4617-94B5-17877A41D8ED}.Debug|Any CPU.Build.0 = Debug|Any CPU
		{B6F72DC1-E215-4617-94B5-17877A41D8ED}.Release|Any CPU.ActiveCfg = Release|Any CPU
		{B6F72DC1-E215-4617-94B5-17877A41D8ED}.Release|Any CPU.Build.0 = Release|Any CPU
	EndGlobalSection
	GlobalSection(SolutionProperties) = preSolution
		HideSolutionNode = FALSE
	EndGlobalSection
	GlobalSection(ExtensibilityGlobals) = postSolution
		SolutionGuid = {F670F2F6-873C-48D6-93F7-EBEE293524F5}
	EndGlobalSection
EndGlobal
