
Microsoft Visual Studio Solution File, Format Version 12.00
# Visual Studio 15
VisualStudioVersion = 15.0.27130.2027
MinimumVisualStudioVersion = 10.0.40219.1
Project("{FAE04EC0-301F-11D3-BF4B-00C04F79EFBC}") = "GrabAndGo", "GrabAndGo\GrabAndGo.csproj", "{DC3C1E5F-9135-4981-8CDC-C3095B6AB1DB}"
EndProject
Global
	GlobalSection(SolutionConfigurationPlatforms) = preSolution
		Debug|Any CPU = Debug|Any CPU
		Release|Any CPU = Release|Any CPU
	EndGlobalSection
	GlobalSection(ProjectConfigurationPlatforms) = postSolution
		{DC3C1E5F-9135-4981-8CDC-C3095B6AB1DB}.Debug|Any CPU.ActiveCfg = Debug|Any CPU
		{DC3C1E5F-9135-4981-8CDC-C3095B6AB1DB}.Debug|Any CPU.Build.0 = Debug|Any CPU
		{DC3C1E5F-9135-4981-8CDC-C3095B6AB1DB}.Release|Any CPU.ActiveCfg = Release|Any CPU
		{DC3C1E5F-9135-4981-8CDC-C3095B6AB1DB}.Release|Any CPU.Build.0 = Release|Any CPU
	EndGlobalSection
	GlobalSection(SolutionProperties) = preSolution
		HideSolutionNode = FALSE
	EndGlobalSection
	GlobalSection(ExtensibilityGlobals) = postSolution
		SolutionGuid = {A1C861DF-DD4E-4D17-8F65-605DDA5866B4}
	EndGlobalSection
EndGlobal
