
Microsoft Visual Studio Solution File, Format Version 12.00
# Visual Studio 15
VisualStudioVersion = 15.0.27130.2027
MinimumVisualStudioVersion = 10.0.40219.1
Project("{FAE04EC0-301F-11D3-BF4B-00C04F79EFBC}") = "Count Substring Occurrences", "Count Substring Occurrences\Count Substring Occurrences.csproj", "{5B7C8180-125F-4778-862B-3E6F5444E4B7}"
EndProject
Global
	GlobalSection(SolutionConfigurationPlatforms) = preSolution
		Debug|Any CPU = Debug|Any CPU
		Release|Any CPU = Release|Any CPU
	EndGlobalSection
	GlobalSection(ProjectConfigurationPlatforms) = postSolution
		{5B7C8180-125F-4778-862B-3E6F5444E4B7}.Debug|Any CPU.ActiveCfg = Debug|Any CPU
		{5B7C8180-125F-4778-862B-3E6F5444E4B7}.Debug|Any CPU.Build.0 = Debug|Any CPU
		{5B7C8180-125F-4778-862B-3E6F5444E4B7}.Release|Any CPU.ActiveCfg = Release|Any CPU
		{5B7C8180-125F-4778-862B-3E6F5444E4B7}.Release|Any CPU.Build.0 = Release|Any CPU
	EndGlobalSection
	GlobalSection(SolutionProperties) = preSolution
		HideSolutionNode = FALSE
	EndGlobalSection
	GlobalSection(ExtensibilityGlobals) = postSolution
		SolutionGuid = {59500948-78CE-4CAB-96FC-FC98FAA631C3}
	EndGlobalSection
EndGlobal
