
Microsoft Visual Studio Solution File, Format Version 12.00
# Visual Studio 15
VisualStudioVersion = 15.0.27130.2027
MinimumVisualStudioVersion = 10.0.40219.1
Project("{FAE04EC0-301F-11D3-BF4B-00C04F79EFBC}") = "CameraView", "CameraView\CameraView.csproj", "{FAB55B6A-A47B-4B55-A81A-0EE6133B81DD}"
EndProject
Global
	GlobalSection(SolutionConfigurationPlatforms) = preSolution
		Debug|Any CPU = Debug|Any CPU
		Release|Any CPU = Release|Any CPU
	EndGlobalSection
	GlobalSection(ProjectConfigurationPlatforms) = postSolution
		{FAB55B6A-A47B-4B55-A81A-0EE6133B81DD}.Debug|Any CPU.ActiveCfg = Debug|Any CPU
		{FAB55B6A-A47B-4B55-A81A-0EE6133B81DD}.Debug|Any CPU.Build.0 = Debug|Any CPU
		{FAB55B6A-A47B-4B55-A81A-0EE6133B81DD}.Release|Any CPU.ActiveCfg = Release|Any CPU
		{FAB55B6A-A47B-4B55-A81A-0EE6133B81DD}.Release|Any CPU.Build.0 = Release|Any CPU
	EndGlobalSection
	GlobalSection(SolutionProperties) = preSolution
		HideSolutionNode = FALSE
	EndGlobalSection
	GlobalSection(ExtensibilityGlobals) = postSolution
		SolutionGuid = {BBBEDC97-8EEB-4298-8013-38E5B20AB42E}
	EndGlobalSection
EndGlobal
