
Microsoft Visual Studio Solution File, Format Version 12.00
# Visual Studio 15
VisualStudioVersion = 15.0.27130.2027
MinimumVisualStudioVersion = 10.0.40219.1
Project("{FAE04EC0-301F-11D3-BF4B-00C04F79EFBC}") = "Sort Times", "Sort Times\Sort Times.csproj", "{0722DE58-A9E3-4E95-AA94-2C3643C65332}"
EndProject
Global
	GlobalSection(SolutionConfigurationPlatforms) = preSolution
		Debug|Any CPU = Debug|Any CPU
		Release|Any CPU = Release|Any CPU
	EndGlobalSection
	GlobalSection(ProjectConfigurationPlatforms) = postSolution
		{0722DE58-A9E3-4E95-AA94-2C3643C65332}.Debug|Any CPU.ActiveCfg = Debug|Any CPU
		{0722DE58-A9E3-4E95-AA94-2C3643C65332}.Debug|Any CPU.Build.0 = Debug|Any CPU
		{0722DE58-A9E3-4E95-AA94-2C3643C65332}.Release|Any CPU.ActiveCfg = Release|Any CPU
		{0722DE58-A9E3-4E95-AA94-2C3643C65332}.Release|Any CPU.Build.0 = Release|Any CPU
	EndGlobalSection
	GlobalSection(SolutionProperties) = preSolution
		HideSolutionNode = FALSE
	EndGlobalSection
	GlobalSection(ExtensibilityGlobals) = postSolution
		SolutionGuid = {55BAB7C8-BCCD-464E-B792-91B741E51C54}
	EndGlobalSection
EndGlobal
