
Microsoft Visual Studio Solution File, Format Version 12.00
# Visual Studio 15
VisualStudioVersion = 15.0.27130.2027
MinimumVisualStudioVersion = 10.0.40219.1
Project("{FAE04EC0-301F-11D3-BF4B-00C04F79EFBC}") = "Ladybugs", "Ladybugs\Ladybugs.csproj", "{2082D9E7-4ACA-4C00-A830-9DD8CA14F53E}"
EndProject
Global
	GlobalSection(SolutionConfigurationPlatforms) = preSolution
		Debug|Any CPU = Debug|Any CPU
		Release|Any CPU = Release|Any CPU
	EndGlobalSection
	GlobalSection(ProjectConfigurationPlatforms) = postSolution
		{2082D9E7-4ACA-4C00-A830-9DD8CA14F53E}.Debug|Any CPU.ActiveCfg = Debug|Any CPU
		{2082D9E7-4ACA-4C00-A830-9DD8CA14F53E}.Debug|Any CPU.Build.0 = Debug|Any CPU
		{2082D9E7-4ACA-4C00-A830-9DD8CA14F53E}.Release|Any CPU.ActiveCfg = Release|Any CPU
		{2082D9E7-4ACA-4C00-A830-9DD8CA14F53E}.Release|Any CPU.Build.0 = Release|Any CPU
	EndGlobalSection
	GlobalSection(SolutionProperties) = preSolution
		HideSolutionNode = FALSE
	EndGlobalSection
	GlobalSection(ExtensibilityGlobals) = postSolution
		SolutionGuid = {244391A9-E25F-46A9-A8E8-8A311FE6DAA3}
	EndGlobalSection
EndGlobal
