
Microsoft Visual Studio Solution File, Format Version 12.00
# Visual Studio 15
VisualStudioVersion = 15.0.27130.2027
MinimumVisualStudioVersion = 10.0.40219.1
Project("{FAE04EC0-301F-11D3-BF4B-00C04F79EFBC}") = "Problem8RegexExercise", "Problem8RegexExercise\Problem8RegexExercise.csproj", "{AD7EFB5C-169C-47AA-978F-460DC035BF02}"
EndProject
Global
	GlobalSection(SolutionConfigurationPlatforms) = preSolution
		Debug|Any CPU = Debug|Any CPU
		Release|Any CPU = Release|Any CPU
	EndGlobalSection
	GlobalSection(ProjectConfigurationPlatforms) = postSolution
		{AD7EFB5C-169C-47AA-978F-460DC035BF02}.Debug|Any CPU.ActiveCfg = Debug|Any CPU
		{AD7EFB5C-169C-47AA-978F-460DC035BF02}.Debug|Any CPU.Build.0 = Debug|Any CPU
		{AD7EFB5C-169C-47AA-978F-460DC035BF02}.Release|Any CPU.ActiveCfg = Release|Any CPU
		{AD7EFB5C-169C-47AA-978F-460DC035BF02}.Release|Any CPU.Build.0 = Release|Any CPU
	EndGlobalSection
	GlobalSection(SolutionProperties) = preSolution
		HideSolutionNode = FALSE
	EndGlobalSection
	GlobalSection(ExtensibilityGlobals) = postSolution
		SolutionGuid = {901E41A8-C109-4F9A-9C28-799BD0A666F8}
	EndGlobalSection
EndGlobal
