
Microsoft Visual Studio Solution File, Format Version 12.00
# Visual Studio 15
VisualStudioVersion = 15.0.27130.2027
MinimumVisualStudioVersion = 10.0.40219.1
Project("{FAE04EC0-301F-11D3-BF4B-00C04F79EFBC}") = "BeverageLabels", "BeverageLabels\BeverageLabels.csproj", "{FB807D24-EF45-4EB0-9844-F91C2F659912}"
EndProject
Global
	GlobalSection(SolutionConfigurationPlatforms) = preSolution
		Debug|Any CPU = Debug|Any CPU
		Release|Any CPU = Release|Any CPU
	EndGlobalSection
	GlobalSection(ProjectConfigurationPlatforms) = postSolution
		{FB807D24-EF45-4EB0-9844-F91C2F659912}.Debug|Any CPU.ActiveCfg = Debug|Any CPU
		{FB807D24-EF45-4EB0-9844-F91C2F659912}.Debug|Any CPU.Build.0 = Debug|Any CPU
		{FB807D24-EF45-4EB0-9844-F91C2F659912}.Release|Any CPU.ActiveCfg = Release|Any CPU
		{FB807D24-EF45-4EB0-9844-F91C2F659912}.Release|Any CPU.Build.0 = Release|Any CPU
	EndGlobalSection
	GlobalSection(SolutionProperties) = preSolution
		HideSolutionNode = FALSE
	EndGlobalSection
	GlobalSection(ExtensibilityGlobals) = postSolution
		SolutionGuid = {D9353F1D-08B7-412A-A597-FA527ABF9107}
	EndGlobalSection
EndGlobal
