
Microsoft Visual Studio Solution File, Format Version 12.00
# Visual Studio 15
VisualStudioVersion = 15.0.27130.2027
MinimumVisualStudioVersion = 10.0.40219.1
Project("{FAE04EC0-301F-11D3-BF4B-00C04F79EFBC}") = "RemoveNegativeAndReverse", "RemoveNegativeAndReverse\RemoveNegativeAndReverse.csproj", "{0F60D6CC-2344-4AEE-B672-8DD35FF8C224}"
EndProject
Global
	GlobalSection(SolutionConfigurationPlatforms) = preSolution
		Debug|Any CPU = Debug|Any CPU
		Release|Any CPU = Release|Any CPU
	EndGlobalSection
	GlobalSection(ProjectConfigurationPlatforms) = postSolution
		{0F60D6CC-2344-4AEE-B672-8DD35FF8C224}.Debug|Any CPU.ActiveCfg = Debug|Any CPU
		{0F60D6CC-2344-4AEE-B672-8DD35FF8C224}.Debug|Any CPU.Build.0 = Debug|Any CPU
		{0F60D6CC-2344-4AEE-B672-8DD35FF8C224}.Release|Any CPU.ActiveCfg = Release|Any CPU
		{0F60D6CC-2344-4AEE-B672-8DD35FF8C224}.Release|Any CPU.Build.0 = Release|Any CPU
	EndGlobalSection
	GlobalSection(SolutionProperties) = preSolution
		HideSolutionNode = FALSE
	EndGlobalSection
	GlobalSection(ExtensibilityGlobals) = postSolution
		SolutionGuid = {BDAC5D82-5877-4A02-978F-13D308F1FC24}
	EndGlobalSection
EndGlobal
