
Microsoft Visual Studio Solution File, Format Version 12.00
# Visual Studio 15
VisualStudioVersion = 15.0.27130.2027
MinimumVisualStudioVersion = 10.0.40219.1
Project("{FAE04EC0-301F-11D3-BF4B-00C04F79EFBC}") = "Extract Emails", "Extract Emails\Extract Emails.csproj", "{296E2507-AD98-49B6-8188-09E6979A7FC1}"
EndProject
Global
	GlobalSection(SolutionConfigurationPlatforms) = preSolution
		Debug|Any CPU = Debug|Any CPU
		Release|Any CPU = Release|Any CPU
	EndGlobalSection
	GlobalSection(ProjectConfigurationPlatforms) = postSolution
		{296E2507-AD98-49B6-8188-09E6979A7FC1}.Debug|Any CPU.ActiveCfg = Debug|Any CPU
		{296E2507-AD98-49B6-8188-09E6979A7FC1}.Debug|Any CPU.Build.0 = Debug|Any CPU
		{296E2507-AD98-49B6-8188-09E6979A7FC1}.Release|Any CPU.ActiveCfg = Release|Any CPU
		{296E2507-AD98-49B6-8188-09E6979A7FC1}.Release|Any CPU.Build.0 = Release|Any CPU
	EndGlobalSection
	GlobalSection(SolutionProperties) = preSolution
		HideSolutionNode = FALSE
	EndGlobalSection
	GlobalSection(ExtensibilityGlobals) = postSolution
		SolutionGuid = {08E85ACE-3D94-4DFE-BD7A-356D9937E4D2}
	EndGlobalSection
EndGlobal
