
Microsoft Visual Studio Solution File, Format Version 12.00
# Visual Studio 15
VisualStudioVersion = 15.0.27130.2027
MinimumVisualStudioVersion = 10.0.40219.1
Project("{FAE04EC0-301F-11D3-BF4B-00C04F79EFBC}") = "Padawan Equipment", "Padawan Equipment\Padawan Equipment.csproj", "{6E7BA5CF-24A2-417C-A183-B4A92164D257}"
EndProject
Global
	GlobalSection(SolutionConfigurationPlatforms) = preSolution
		Debug|Any CPU = Debug|Any CPU
		Release|Any CPU = Release|Any CPU
	EndGlobalSection
	GlobalSection(ProjectConfigurationPlatforms) = postSolution
		{6E7BA5CF-24A2-417C-A183-B4A92164D257}.Debug|Any CPU.ActiveCfg = Debug|Any CPU
		{6E7BA5CF-24A2-417C-A183-B4A92164D257}.Debug|Any CPU.Build.0 = Debug|Any CPU
		{6E7BA5CF-24A2-417C-A183-B4A92164D257}.Release|Any CPU.ActiveCfg = Release|Any CPU
		{6E7BA5CF-24A2-417C-A183-B4A92164D257}.Release|Any CPU.Build.0 = Release|Any CPU
	EndGlobalSection
	GlobalSection(SolutionProperties) = preSolution
		HideSolutionNode = FALSE
	EndGlobalSection
	GlobalSection(ExtensibilityGlobals) = postSolution
		SolutionGuid = {A1D6FE5F-F648-46FE-BF20-DFA71C158BBB}
	EndGlobalSection
EndGlobal
