
Microsoft Visual Studio Solution File, Format Version 12.00
# Visual Studio 15
VisualStudioVersion = 15.0.27130.2027
MinimumVisualStudioVersion = 10.0.40219.1
Project("{FAE04EC0-301F-11D3-BF4B-00C04F79EFBC}") = "TeamworkProject", "TeamworkProject\TeamworkProject.csproj", "{975092D6-FD66-4D9B-BE60-03F71F6FA37F}"
EndProject
Global
	GlobalSection(SolutionConfigurationPlatforms) = preSolution
		Debug|Any CPU = Debug|Any CPU
		Release|Any CPU = Release|Any CPU
	EndGlobalSection
	GlobalSection(ProjectConfigurationPlatforms) = postSolution
		{975092D6-FD66-4D9B-BE60-03F71F6FA37F}.Debug|Any CPU.ActiveCfg = Debug|Any CPU
		{975092D6-FD66-4D9B-BE60-03F71F6FA37F}.Debug|Any CPU.Build.0 = Debug|Any CPU
		{975092D6-FD66-4D9B-BE60-03F71F6FA37F}.Release|Any CPU.ActiveCfg = Release|Any CPU
		{975092D6-FD66-4D9B-BE60-03F71F6FA37F}.Release|Any CPU.Build.0 = Release|Any CPU
	EndGlobalSection
	GlobalSection(SolutionProperties) = preSolution
		HideSolutionNode = FALSE
	EndGlobalSection
	GlobalSection(ExtensibilityGlobals) = postSolution
		SolutionGuid = {99D8EF17-AD5E-468B-8BB3-CE1FC7C03961}
	EndGlobalSection
EndGlobal
