
Microsoft Visual Studio Solution File, Format Version 12.00
# Visual Studio 15
VisualStudioVersion = 15.0.27130.2027
MinimumVisualStudioVersion = 10.0.40219.1
Project("{FAE04EC0-301F-11D3-BF4B-00C04F79EFBC}") = "Melrah Shake", "Melrah Shake\Melrah Shake.csproj", "{D3F1F12F-9B12-4F65-931F-409682F04B0C}"
EndProject
Global
	GlobalSection(SolutionConfigurationPlatforms) = preSolution
		Debug|Any CPU = Debug|Any CPU
		Release|Any CPU = Release|Any CPU
	EndGlobalSection
	GlobalSection(ProjectConfigurationPlatforms) = postSolution
		{D3F1F12F-9B12-4F65-931F-409682F04B0C}.Debug|Any CPU.ActiveCfg = Debug|Any CPU
		{D3F1F12F-9B12-4F65-931F-409682F04B0C}.Debug|Any CPU.Build.0 = Debug|Any CPU
		{D3F1F12F-9B12-4F65-931F-409682F04B0C}.Release|Any CPU.ActiveCfg = Release|Any CPU
		{D3F1F12F-9B12-4F65-931F-409682F04B0C}.Release|Any CPU.Build.0 = Release|Any CPU
	EndGlobalSection
	GlobalSection(SolutionProperties) = preSolution
		HideSolutionNode = FALSE
	EndGlobalSection
	GlobalSection(ExtensibilityGlobals) = postSolution
		SolutionGuid = {60456380-F028-4D13-B972-5FBC71411C9A}
	EndGlobalSection
EndGlobal
