
Microsoft Visual Studio Solution File, Format Version 12.00
# Visual Studio 15
VisualStudioVersion = 15.0.27130.2027
MinimumVisualStudioVersion = 10.0.40219.1
Project("{FAE04EC0-301F-11D3-BF4B-00C04F79EFBC}") = "FixEmails", "FixEmails\FixEmails.csproj", "{EC11F9C6-C4F8-40AE-93E3-38B21D1DF16D}"
EndProject
Global
	GlobalSection(SolutionConfigurationPlatforms) = preSolution
		Debug|Any CPU = Debug|Any CPU
		Release|Any CPU = Release|Any CPU
	EndGlobalSection
	GlobalSection(ProjectConfigurationPlatforms) = postSolution
		{EC11F9C6-C4F8-40AE-93E3-38B21D1DF16D}.Debug|Any CPU.ActiveCfg = Debug|Any CPU
		{EC11F9C6-C4F8-40AE-93E3-38B21D1DF16D}.Debug|Any CPU.Build.0 = Debug|Any CPU
		{EC11F9C6-C4F8-40AE-93E3-38B21D1DF16D}.Release|Any CPU.ActiveCfg = Release|Any CPU
		{EC11F9C6-C4F8-40AE-93E3-38B21D1DF16D}.Release|Any CPU.Build.0 = Release|Any CPU
	EndGlobalSection
	GlobalSection(SolutionProperties) = preSolution
		HideSolutionNode = FALSE
	EndGlobalSection
	GlobalSection(ExtensibilityGlobals) = postSolution
		SolutionGuid = {00D5CE9E-C490-4F7D-AE73-AA7982E3EE57}
	EndGlobalSection
EndGlobal
