
Microsoft Visual Studio Solution File, Format Version 12.00
# Visual Studio 15
VisualStudioVersion = 15.0.27130.2027
MinimumVisualStudioVersion = 10.0.40219.1
Project("{FAE04EC0-301F-11D3-BF4B-00C04F79EFBC}") = "ImmuneSystem", "ImmuneSystem\ImmuneSystem.csproj", "{72A911FF-6006-4D32-B122-1F6F1AB2287A}"
EndProject
Global
	GlobalSection(SolutionConfigurationPlatforms) = preSolution
		Debug|Any CPU = Debug|Any CPU
		Release|Any CPU = Release|Any CPU
	EndGlobalSection
	GlobalSection(ProjectConfigurationPlatforms) = postSolution
		{72A911FF-6006-4D32-B122-1F6F1AB2287A}.Debug|Any CPU.ActiveCfg = Debug|Any CPU
		{72A911FF-6006-4D32-B122-1F6F1AB2287A}.Debug|Any CPU.Build.0 = Debug|Any CPU
		{72A911FF-6006-4D32-B122-1F6F1AB2287A}.Release|Any CPU.ActiveCfg = Release|Any CPU
		{72A911FF-6006-4D32-B122-1F6F1AB2287A}.Release|Any CPU.Build.0 = Release|Any CPU
	EndGlobalSection
	GlobalSection(SolutionProperties) = preSolution
		HideSolutionNode = FALSE
	EndGlobalSection
	GlobalSection(ExtensibilityGlobals) = postSolution
		SolutionGuid = {EB5CDFEA-DB2E-45A8-9A5D-407CDFFA09AC}
	EndGlobalSection
EndGlobal
