
Microsoft Visual Studio Solution File, Format Version 12.00
# Visual Studio 15
VisualStudioVersion = 15.0.27130.2027
MinimumVisualStudioVersion = 10.0.40219.1
Project("{FAE04EC0-301F-11D3-BF4B-00C04F79EFBC}") = "TakeSkipRope", "TakeSkipRope\TakeSkipRope.csproj", "{3FC016B7-C7B7-48D1-B1ED-1A9DB4D93BAA}"
EndProject
Global
	GlobalSection(SolutionConfigurationPlatforms) = preSolution
		Debug|Any CPU = Debug|Any CPU
		Release|Any CPU = Release|Any CPU
	EndGlobalSection
	GlobalSection(ProjectConfigurationPlatforms) = postSolution
		{3FC016B7-C7B7-48D1-B1ED-1A9DB4D93BAA}.Debug|Any CPU.ActiveCfg = Debug|Any CPU
		{3FC016B7-C7B7-48D1-B1ED-1A9DB4D93BAA}.Debug|Any CPU.Build.0 = Debug|Any CPU
		{3FC016B7-C7B7-48D1-B1ED-1A9DB4D93BAA}.Release|Any CPU.ActiveCfg = Release|Any CPU
		{3FC016B7-C7B7-48D1-B1ED-1A9DB4D93BAA}.Release|Any CPU.Build.0 = Release|Any CPU
	EndGlobalSection
	GlobalSection(SolutionProperties) = preSolution
		HideSolutionNode = FALSE
	EndGlobalSection
	GlobalSection(ExtensibilityGlobals) = postSolution
		SolutionGuid = {2A9AA0F3-51A9-433F-9B74-695F68DA4354}
	EndGlobalSection
EndGlobal
